
Microsoft Visual Studio Solution File, Format Version 12.00
# Visual Studio 2013
VisualStudioVersion = 12.0.31101.0
MinimumVisualStudioVersion = 10.0.40219.1
Project("{FAE04EC0-301F-11D3-BF4B-00C04F79EFBC}") = "UniSystemHelpDesk", "UniSystemHelpDesk\UniSystemHelpDesk.csproj", "{0538E222-E178-48FC-9752-1C2EAAA19364}"
EndProject
Global
	GlobalSection(SolutionConfigurationPlatforms) = preSolution
		Debug|Any CPU = Debug|Any CPU
		Release|Any CPU = Release|Any CPU
	EndGlobalSection
	GlobalSection(ProjectConfigurationPlatforms) = postSolution
		{0538E222-E178-48FC-9752-1C2EAAA19364}.Debug|Any CPU.ActiveCfg = Debug|Any CPU
		{0538E222-E178-48FC-9752-1C2EAAA19364}.Debug|Any CPU.Build.0 = Debug|Any CPU
		{0538E222-E178-48FC-9752-1C2EAAA19364}.Release|Any CPU.ActiveCfg = Release|Any CPU
		{0538E222-E178-48FC-9752-1C2EAAA19364}.Release|Any CPU.Build.0 = Release|Any CPU
	EndGlobalSection
	GlobalSection(SolutionProperties) = preSolution
		HideSolutionNode = FALSE
	EndGlobalSection
EndGlobal
